
Microsoft Visual Studio Solution File, Format Version 12.00
# Visual Studio Version 16
VisualStudioVersion = 16.0.31624.102
MinimumVisualStudioVersion = 10.0.40219.1
Project("{FAE04EC0-301F-11D3-BF4B-00C04F79EFBC}") = "WebMvc2", "WebMvc2\WebMvc2.csproj", "{1ECE7AE6-62FB-48D6-95B1-7F62D6CB6D8D}"
EndProject
Global
	GlobalSection(SolutionConfigurationPlatforms) = preSolution
		Debug|Any CPU = Debug|Any CPU
		Release|Any CPU = Release|Any CPU
	EndGlobalSection
	GlobalSection(ProjectConfigurationPlatforms) = postSolution
		{1ECE7AE6-62FB-48D6-95B1-7F62D6CB6D8D}.Debug|Any CPU.ActiveCfg = Debug|Any CPU
		{1ECE7AE6-62FB-48D6-95B1-7F62D6CB6D8D}.Debug|Any CPU.Build.0 = Debug|Any CPU
		{1ECE7AE6-62FB-48D6-95B1-7F62D6CB6D8D}.Release|Any CPU.ActiveCfg = Release|Any CPU
		{1ECE7AE6-62FB-48D6-95B1-7F62D6CB6D8D}.Release|Any CPU.Build.0 = Release|Any CPU
	EndGlobalSection
	GlobalSection(SolutionProperties) = preSolution
		HideSolutionNode = FALSE
	EndGlobalSection
	GlobalSection(ExtensibilityGlobals) = postSolution
		SolutionGuid = {3AD689F3-EDA6-47AA-AD41-E7CC8F5F4764}
	EndGlobalSection
EndGlobal
